# This file is automatically @generated by Cargo.
# It is not intended for manual editing.
version = 4

[[package]]
name = "caesar"
version = "0.1.0"

[[package]]
name = "censor_vowels"
version = "0.1.0"

[[package]]
name = "char_frequency"
version = "0.1.0"

[[package]]
name = "group_anagrams"
version = "0.1.0"

[[package]]
name = "inventory"
version = "0.1.0"

[[package]]
name = "longest_word"
version = "0.1.0"

[[package]]
name = "min_max"
version = "0.1.0"

[[package]]
name = "reverse_words"
version = "0.1.0"

[[package]]
name = "run_length_encode"
version = "0.1.0"

[[package]]
name = "split_and_double"
version = "0.1.0"
